{
  "name": "@codex-infinity/codex-infinity",
  "version": "0.0.3",
  "lockfileVersion": 3,
  "packages": {
    "": {
      "name": "@codex-infinity/codex-infinity",
      "version": "0.0.3",
      "license": "Apache-2.0",
      "bin": {
        "codex-infinity": "bin/codex-infinity.js"
      },
      "engines": {
        "node": ">=16"
      }
    }
  }
}
